{
  "name": "caliburn-jd-editor-codec-probe",
  "lockfileVersion": 3,
  "requires": true,
  "packages": {
    "": {
      "name": "caliburn-jd-editor-codec-probe",
      "dependencies": {
        "superjson": "2.2.6"
      }
    },
    "node_modules/copy-anything": {
      "version": "4.1.0",
      "resolved": "https://registry.npmjs.org/copy-anything/-/copy-anything-4.1.0.tgz",
      "integrity": "sha512-ufbM3smX/Jbnpk5wcQjzd1MgBpzmqfNETUAyZNrGwU9foRlyHoGzMMBBCRzEhQLBjZfFDE1W2ufPXX2vdWkV8Q==",
      "license": "MIT",
      "engines": {
        "node": ">=18"
      },
      "funding": {
        "url": "https://github.com/sponsors/mesqueeb"
      }
    },
    "node_modules/superjson": {
      "version": "2.2.6",
      "resolved": "https://registry.npmjs.org/superjson/-/superjson-2.2.6.tgz",
      "integrity": "sha512-H+ue8Zo4vJmV2nRjpx86P35lzwDT3nItnIsocgumgr0hHMQ+ZGq5vrERg9kJBo5AWGmxZDhzDo+WVIJqkB0cGA==",
      "license": "MIT",
      "dependencies": {
        "copy-anything": "^4"
      },
      "engines": {
        "node": ">=16"
      }
    }
  }
}
